
Microsoft Visual Studio Solution File, Format Version 12.00
# Visual Studio Version 17
VisualStudioVersion = 17.3.32929.385
MinimumVisualStudioVersion = 10.0.40219.1
Project("{FAE04EC0-301F-11D3-BF4B-00C04F79EFBC}") = "CPU stress test", "CPU stress test\CPU stress test.csproj", "{05593EE9-C5C1-4598-878D-63DF818ED134}"
EndProject
Global
	GlobalSection(SolutionConfigurationPlatforms) = preSolution
		Debug|Any CPU = Debug|Any CPU
		Release|Any CPU = Release|Any CPU
	EndGlobalSection
	GlobalSection(ProjectConfigurationPlatforms) = postSolution
		{05593EE9-C5C1-4598-878D-63DF818ED134}.Debug|Any CPU.ActiveCfg = Debug|Any CPU
		{05593EE9-C5C1-4598-878D-63DF818ED134}.Debug|Any CPU.Build.0 = Debug|Any CPU
		{05593EE9-C5C1-4598-878D-63DF818ED134}.Release|Any CPU.ActiveCfg = Release|Any CPU
		{05593EE9-C5C1-4598-878D-63DF818ED134}.Release|Any CPU.Build.0 = Release|Any CPU
	EndGlobalSection
	GlobalSection(SolutionProperties) = preSolution
		HideSolutionNode = FALSE
	EndGlobalSection
	GlobalSection(ExtensibilityGlobals) = postSolution
		SolutionGuid = {9DBE9BF9-B36F-499F-86C7-C206E3990230}
	EndGlobalSection
EndGlobal
